
Microsoft Visual Studio Solution File, Format Version 12.00
# Visual Studio 15
VisualStudioVersion = 15.0.28010.2041
MinimumVisualStudioVersion = 10.0.40219.1
Project("{9A19103F-16F7-4668-BE54-9A1E7A4F7556}") = "LocalisationAPI", "LocalisationAPI\LocalisationAPI.csproj", "{B81EFF90-1F11-4313-A4C6-6184903D0FF9}"
EndProject
Project("{9A19103F-16F7-4668-BE54-9A1E7A4F7556}") = "Localisation", "Localisation\Localisation.csproj", "{CAE8CC67-98F8-473A-9C5A-37EBDB47BC69}"
EndProject
Global
	GlobalSection(SolutionConfigurationPlatforms) = preSolution
		Debug|Any CPU = Debug|Any CPU
		Release|Any CPU = Release|Any CPU
	EndGlobalSection
	GlobalSection(ProjectConfigurationPlatforms) = postSolution
		{B81EFF90-1F11-4313-A4C6-6184903D0FF9}.Debug|Any CPU.ActiveCfg = Debug|Any CPU
		{B81EFF90-1F11-4313-A4C6-6184903D0FF9}.Debug|Any CPU.Build.0 = Debug|Any CPU
		{B81EFF90-1F11-4313-A4C6-6184903D0FF9}.Release|Any CPU.ActiveCfg = Release|Any CPU
		{B81EFF90-1F11-4313-A4C6-6184903D0FF9}.Release|Any CPU.Build.0 = Release|Any CPU
		{CAE8CC67-98F8-473A-9C5A-37EBDB47BC69}.Debug|Any CPU.ActiveCfg = Debug|Any CPU
		{CAE8CC67-98F8-473A-9C5A-37EBDB47BC69}.Debug|Any CPU.Build.0 = Debug|Any CPU
		{CAE8CC67-98F8-473A-9C5A-37EBDB47BC69}.Release|Any CPU.ActiveCfg = Release|Any CPU
		{CAE8CC67-98F8-473A-9C5A-37EBDB47BC69}.Release|Any CPU.Build.0 = Release|Any CPU
	EndGlobalSection
	GlobalSection(SolutionProperties) = preSolution
		HideSolutionNode = FALSE
	EndGlobalSection
	GlobalSection(ExtensibilityGlobals) = postSolution
		SolutionGuid = {F794D51D-64B0-4BF1-B97F-3E34AB9F8C67}
	EndGlobalSection
EndGlobal
